
Microsoft Visual Studio Solution File, Format Version 12.00
# Visual Studio 15
VisualStudioVersion = 15.0.27130.2010
MinimumVisualStudioVersion = 10.0.40219.1
Project("{2150E333-8FDC-42A3-9474-1A3956D46DE8}") = "src", "src", "{17070A46-661F-4A01-8B84-CE9C59173779}"
EndProject
Project("{2150E333-8FDC-42A3-9474-1A3956D46DE8}") = "Solution Items", "Solution Items", "{15E38D17-ECED-49D4-A161-38EC79E795E9}"
	ProjectSection(SolutionItems) = preProject
		.editorconfig = .editorconfig
		.gitignore = .gitignore
		Common.Nuget.props = Common.Nuget.props
		Common.props = Common.props
		Directory.Build.props = Directory.Build.props
		Directory.Build.targets = Directory.Build.targets
		LICENSE = LICENSE
		NuGet.config = NuGet.config
		README.md = README.md
		Versions.props = Versions.props
	EndProjectSection
EndProject
Project("{2150E333-8FDC-42A3-9474-1A3956D46DE8}") = "test", "test", "{7A4B618F-010B-45B5-A901-837F82D6C3D4}"
EndProject
Project("{2150E333-8FDC-42A3-9474-1A3956D46DE8}") = "Plugins", "Plugins", "{5B45FE8D-7ED0-490B-9C9D-108768D2002C}"
EndProject
Project("{2150E333-8FDC-42A3-9474-1A3956D46DE8}") = "RusHydro", "RusHydro", "{08C09196-67E4-4BB5-8F42-7A4987793731}"
EndProject
Project("{2150E333-8FDC-42A3-9474-1A3956D46DE8}") = "Hrv", "Hrv", "{25B0BDB6-B097-4FD2-8F1F-54684D86C34C}"
EndProject
Project("{2150E333-8FDC-42A3-9474-1A3956D46DE8}") = "Server", "Server", "{D8BDEE75-436F-4123-AC6D-85350BCD25BF}"
EndProject
Project("{2150E333-8FDC-42A3-9474-1A3956D46DE8}") = "Server", "Server", "{F43727AF-A4AF-4DFF-8CF6-407129475A0A}"
EndProject
Project("{2150E333-8FDC-42A3-9474-1A3956D46DE8}") = "Client", "Client", "{9B6994E8-DB1D-4658-B268-41336E99D2E8}"
EndProject
Project("{9A19103F-16F7-4668-BE54-9A1E7A4F7556}") = "PskOnline.Server.Plugins.RusHydro.Web", "src\Server\Plugins\RusHydro\PskOnline.Plugins.RusHydro.Web\PskOnline.Server.Plugins.RusHydro.Web.csproj", "{00318009-4C1D-4923-8017-EF7AB4537BAE}"
EndProject
Project("{2150E333-8FDC-42A3-9474-1A3956D46DE8}") = "Plugins", "Plugins", "{9993D667-A6B4-417B-B8F1-DE51F9B9F47B}"
EndProject
Project("{2150E333-8FDC-42A3-9474-1A3956D46DE8}") = "Rushydro", "Rushydro", "{391F171B-0EB6-465C-BDE0-50162CE6D9B4}"
EndProject
Project("{9A19103F-16F7-4668-BE54-9A1E7A4F7556}") = "PskOnline.Server.Plugins.RusHydro", "src\Server\Plugins\RusHydro\PskOnline.Plugins.RusHydro\PskOnline.Server.Plugins.RusHydro.csproj", "{E97F7720-A819-4EF9-BC47-832F2EECE7F5}"
EndProject
Project("{2150E333-8FDC-42A3-9474-1A3956D46DE8}") = "ResultsHistory", "ResultsHistory", "{FF74BE9D-5359-4F38-9C0C-5D60174B0EDD}"
EndProject
Project("{9A19103F-16F7-4668-BE54-9A1E7A4F7556}") = "PskOnline.Server.Plugins.ResultsHistory.ObjectModel", "src\Server\Plugins\ResultsHistory\PskOnline.Services.ResultsHistory.ObjectModel\PskOnline.Server.Plugins.ResultsHistory.ObjectModel.csproj", "{6CA758B8-A0B1-4693-B028-49243BD00B9D}"
EndProject
Project("{9A19103F-16F7-4668-BE54-9A1E7A4F7556}") = "PskOnline.Server.Plugins.ResultsHistory.WebApi", "src\Server\Plugins\ResultsHistory\PskOnline.Services.ResultsHistory.WebApi\PskOnline.Server.Plugins.ResultsHistory.WebApi.csproj", "{45BB8A62-F24B-4410-9481-90D08EECDE6E}"
EndProject
Project("{9A19103F-16F7-4668-BE54-9A1E7A4F7556}") = "PskOnline.Server.ObjectModel", "src\Server\PskOnline.Server.ObjectModel\PskOnline.Server.ObjectModel.csproj", "{655B86F6-4747-48AC-BFB1-268F42BD07CB}"
EndProject
Project("{9A19103F-16F7-4668-BE54-9A1E7A4F7556}") = "PskOnline.Server.Shared", "src\Server\PskOnline.Server.Shared\PskOnline.Server.Shared.csproj", "{605E0DC7-3538-4462-8BF1-894DBFEDDF1A}"
EndProject
Project("{9A19103F-16F7-4668-BE54-9A1E7A4F7556}") = "PskOnline.Server.DAL", "src\Server\PskOnline.Server.DAL\PskOnline.Server.DAL.csproj", "{97319178-313B-4B47-85AE-ACFD4C3340CD}"
EndProject
Project("{9A19103F-16F7-4668-BE54-9A1E7A4F7556}") = "PskOnline.Server.Service", "src\Server\PskOnline.Server.Service\PskOnline.Server.Service.csproj", "{ADC9A085-6883-43D8-990D-67F75E23FD9A}"
EndProject
Project("{2150E333-8FDC-42A3-9474-1A3956D46DE8}") = "Methods", "Methods", "{6E21798D-434A-48F4-A23B-39C380A92F37}"
EndProject
Project("{2150E333-8FDC-42A3-9474-1A3956D46DE8}") = "Hrv", "Hrv", "{36949536-F64A-4662-8AE7-5858C5CA9595}"
EndProject
Project("{9A19103F-16F7-4668-BE54-9A1E7A4F7556}") = "PskOnline.Methods.Hrv.ObjectModel", "src\Methods\Hrv\PskOnline.Methods.Hrv.ObjectModel\PskOnline.Methods.Hrv.ObjectModel.csproj", "{A1443404-2781-4CFC-91BC-B13DD9124FB3}"
EndProject
Project("{9A19103F-16F7-4668-BE54-9A1E7A4F7556}") = "PskOnline.Methods.ObjectModel", "src\Methods\PskOnline.Methods.ObjectModel\PskOnline.Methods.ObjectModel.csproj", "{126CB137-6060-418A-A2E6-D76B1E3910E6}"
EndProject
Project("{2150E333-8FDC-42A3-9474-1A3956D46DE8}") = "Components", "Components", "{460169FA-68AC-4C3A-B6E9-F66284313DAD}"
EndProject
Project("{9A19103F-16F7-4668-BE54-9A1E7A4F7556}") = "DotNetRtfWriter.Std", "src\Components\DotNetRtfWriter\DotNetRtfWriter.Std\DotNetRtfWriter.Std.csproj", "{47EE1397-DA42-4B0B-B91A-C4C89F8F16E8}"
EndProject
Project("{2150E333-8FDC-42A3-9474-1A3956D46DE8}") = "Svmr", "Svmr", "{D9F75C39-58B3-4C0C-9FD4-1AD35609313F}"
EndProject
Project("{9A19103F-16F7-4668-BE54-9A1E7A4F7556}") = "PskOnline.Methods.Svmr.ObjectModel", "src\Methods\Svmr\PskOnline.Methods.Svmr.ObjectModel\PskOnline.Methods.Svmr.ObjectModel.csproj", "{D7D26D99-50C9-4A5F-A059-2F4CB2409CB3}"
EndProject
Project("{9A19103F-16F7-4668-BE54-9A1E7A4F7556}") = "PskOnline.Methods.Hrv.Processing", "src\Methods\Hrv\PskOnline.Methods.Hrv.Processing\PskOnline.Methods.Hrv.Processing.csproj", "{BB77B3A0-7FDE-466E-B743-DF4B268D6791}"
EndProject
Project("{9A19103F-16F7-4668-BE54-9A1E7A4F7556}") = "PskOnline.Methods.Processing", "src\Methods\PskOnline.Methods.Processing\PskOnline.Methods.Processing.csproj", "{0F605ECD-A8D9-49BD-A2EC-9113AF0E0B3C}"
EndProject
Project("{9A19103F-16F7-4668-BE54-9A1E7A4F7556}") = "PskOnline.Math", "src\Components\PskOnline.Math\PskOnline.Math.csproj", "{4F2D6647-A248-4F79-A6BF-868DE043053A}"
EndProject
Project("{2150E333-8FDC-42A3-9474-1A3956D46DE8}") = "Components", "Components", "{2E136D89-2B38-4A5A-A0C4-495A6C5D7094}"
EndProject
Project("{2150E333-8FDC-42A3-9474-1A3956D46DE8}") = "Methods", "Methods", "{3680686E-554E-4A77-8C77-7A5C6607E5E6}"
EndProject
Project("{9A19103F-16F7-4668-BE54-9A1E7A4F7556}") = "PskOnline.Methods.Svmr.Processing", "src\Methods\Svmr\PskOnline.Methods.Svmr.Processing\PskOnline.Methods.Svmr.Processing.csproj", "{C21732C4-3F85-4547-B783-6C9370FD562A}"
EndProject
Project("{9A19103F-16F7-4668-BE54-9A1E7A4F7556}") = "PskOnline.Math.Test", "test\Components\PskOnline.Math.Test\PskOnline.Math.Test.csproj", "{AA109356-E161-462F-8A78-EA88C8D8DCF5}"
EndProject
Project("{9A19103F-16F7-4668-BE54-9A1E7A4F7556}") = "PskOnline.Components.Log", "src\Components\PskOnline.Components.Log\PskOnline.Components.Log.csproj", "{17B3AC7B-9227-4B5C-B66D-F8907D5C1D98}"
EndProject
Project("{9A19103F-16F7-4668-BE54-9A1E7A4F7556}") = "PskOnline.Components.Util", "src\Components\PskOnline.Components.Util\PskOnline.Components.Util.csproj", "{101C87B5-EAF7-48E5-9006-D11C448DA3C2}"
EndProject
Project("{2150E333-8FDC-42A3-9474-1A3956D46DE8}") = "RusHydro", "RusHydro", "{2AB838DB-0131-4D80-9FD3-0728CBB398C4}"
EndProject
Project("{9A19103F-16F7-4668-BE54-9A1E7A4F7556}") = "PskOnline.Server.Plugins.RusHydro.DAL", "src\Server\Plugins\RusHydro\PskOnline.Server.Plugins.Rushydro.DAL\PskOnline.Server.Plugins.RusHydro.DAL.csproj", "{380891A7-A0B0-460D-A9A7-A4A4EDDA0B7E}"
EndProject
Project("{9A19103F-16F7-4668-BE54-9A1E7A4F7556}") = "PskOnline.Service.Test", "test\Server\PskOnline.Service.Test\PskOnline.Service.Test.csproj", "{7EA1ADBB-779B-47B3-B9FC-733C6EA60AD0}"
EndProject
Project("{9A19103F-16F7-4668-BE54-9A1E7A4F7556}") = "PskOnline.Service.Test.Integration", "test\Server\PskOnline.Service.Test.Integration\PskOnline.Service.Test.Integration.csproj", "{BFF0E93D-303A-4259-8130-047887BDC7A1}"
EndProject
Project("{9A19103F-16F7-4668-BE54-9A1E7A4F7556}") = "PskOnline.Client.Api", "src\Client\PskOnline.Client.Api\PskOnline.Client.Api.csproj", "{6357FE90-B1B5-4931-B179-ABAB0C6A407C}"
EndProject
Project("{9A19103F-16F7-4668-BE54-9A1E7A4F7556}") = "PskOnline.Plugins.RusHydro.Test", "test\Server\Plugins\PskOnline.Plugins.RusHydro.Test\PskOnline.Plugins.RusHydro.Test.csproj", "{E81A1FEF-CD12-4766-826E-0D76F1675FD1}"
EndProject
Project("{2150E333-8FDC-42A3-9474-1A3956D46DE8}") = "Authority", "Authority", "{8E38625B-6E34-4866-A6DA-B96AD66627E9}"
EndProject
Project("{9A19103F-16F7-4668-BE54-9A1E7A4F7556}") = "PskOnline.Methods.Hrv.Test", "test\Methods\PskOnline.Methods.Hrv.Test\PskOnline.Methods.Hrv.Test.csproj", "{4FCC6BD5-DA63-49A1-A761-C8E5510C5E85}"
EndProject
Project("{9A19103F-16F7-4668-BE54-9A1E7A4F7556}") = "PskOnline.Methods.Svmr.Test", "test\Methods\PskOnline.Methods.Svmr.Test\PskOnline.Methods.Svmr.Test.csproj", "{6C6818FD-1C4F-433F-813B-5AC2820D9AEE}"
EndProject
Project("{2150E333-8FDC-42A3-9474-1A3956D46DE8}") = "teamcity", "teamcity", "{1EFB839B-011E-4FC2-A442-204ADB144DD4}"
	ProjectSection(SolutionItems) = preProject
		teamcity\docker-compose.yml = teamcity\docker-compose.yml
		teamcity\readme.md = teamcity\readme.md
	EndProjectSection
EndProject
Project("{2150E333-8FDC-42A3-9474-1A3956D46DE8}") = "build-agent", "build-agent", "{B0929B54-EC1E-4B68-ABEC-F5ABE8B2D9A7}"
	ProjectSection(SolutionItems) = preProject
		teamcity\build-agent\build_agent_docker_image.sh = teamcity\build-agent\build_agent_docker_image.sh
		teamcity\build-agent\Dockerfile = teamcity\build-agent\Dockerfile
	EndProjectSection
EndProject
Project("{2150E333-8FDC-42A3-9474-1A3956D46DE8}") = "Organization", "Organization", "{68C49450-AC78-4294-A302-A0B61F0CC7F8}"
EndProject
Project("{2150E333-8FDC-42A3-9474-1A3956D46DE8}") = "Inspection", "Inspection", "{C1E95ED4-763B-46D8-ADDB-CF37FA5EC938}"
EndProject
Project("{9A19103F-16F7-4668-BE54-9A1E7A4F7556}") = "PskOnline.Server.Authority", "src\Server\Authority\PskOnline.Server.Authority\PskOnline.Server.Authority.csproj", "{94AD9068-D09A-4A17-947B-10D0B6FD5601}"
EndProject
Project("{2150E333-8FDC-42A3-9474-1A3956D46DE8}") = "Events", "Events", "{5F5543FE-5505-4B7E-9647-A7301BA953C3}"
EndProject
Project("{9A19103F-16F7-4668-BE54-9A1E7A4F7556}") = "PskOnline.Server.Events", "src\Server\Events\PskOnline.Server.Events\PskOnline.Server.Events.csproj", "{95D28021-85EF-4A66-9292-22DC67F1BB3B}"
EndProject
Project("{9A19103F-16F7-4668-BE54-9A1E7A4F7556}") = "PskOnline.Server.Shared.EFCore", "src\Server\PskOnline.Server.Shared.EFCore\PskOnline.Server.Shared.EFCore.csproj", "{63E3E33B-0CD4-44EA-A8CE-9D463C03FBAD}"
EndProject
Project("{9A19103F-16F7-4668-BE54-9A1E7A4F7556}") = "PskOnline.Server.Authority.API", "src\Server\Authority\PskOnline.Server.Authority.API\PskOnline.Server.Authority.API.csproj", "{F0A44BBD-D9C3-47D9-BA30-6A843EEFFED1}"
EndProject
Project("{9A19103F-16F7-4668-BE54-9A1E7A4F7556}") = "PskOnline.Authority.Test", "test\Server\PskOnline.Authority.Test\PskOnline.Authority.Test.csproj", "{4F8D8AA1-E663-4851-A378-CF38780FD64A}"
EndProject
Project("{2150E333-8FDC-42A3-9474-1A3956D46DE8}") = ".vs", ".vs", "{C20FCA68-E465-44F9-9E5A-66869C5D9505}"
EndProject
Project("{2150E333-8FDC-42A3-9474-1A3956D46DE8}") = "config", "config", "{33BA9622-C64D-4FC7-92D0-543FE5D5BE22}"
	ProjectSection(SolutionItems) = preProject
		.vs\config\applicationhost.config = .vs\config\applicationhost.config
	EndProjectSection
EndProject
Global
	GlobalSection(SolutionConfigurationPlatforms) = preSolution
		Debug|Any CPU = Debug|Any CPU
		Debug|x86 = Debug|x86
		Release|Any CPU = Release|Any CPU
		Release|x86 = Release|x86
	EndGlobalSection
	GlobalSection(ProjectConfigurationPlatforms) = postSolution
		{00318009-4C1D-4923-8017-EF7AB4537BAE}.Debug|Any CPU.ActiveCfg = Debug|Any CPU
		{00318009-4C1D-4923-8017-EF7AB4537BAE}.Debug|Any CPU.Build.0 = Debug|Any CPU
		{00318009-4C1D-4923-8017-EF7AB4537BAE}.Debug|x86.ActiveCfg = Debug|Any CPU
		{00318009-4C1D-4923-8017-EF7AB4537BAE}.Debug|x86.Build.0 = Debug|Any CPU
		{00318009-4C1D-4923-8017-EF7AB4537BAE}.Release|Any CPU.ActiveCfg = Release|Any CPU
		{00318009-4C1D-4923-8017-EF7AB4537BAE}.Release|Any CPU.Build.0 = Release|Any CPU
		{00318009-4C1D-4923-8017-EF7AB4537BAE}.Release|x86.ActiveCfg = Release|Any CPU
		{00318009-4C1D-4923-8017-EF7AB4537BAE}.Release|x86.Build.0 = Release|Any CPU
		{E97F7720-A819-4EF9-BC47-832F2EECE7F5}.Debug|Any CPU.ActiveCfg = Debug|Any CPU
		{E97F7720-A819-4EF9-BC47-832F2EECE7F5}.Debug|Any CPU.Build.0 = Debug|Any CPU
		{E97F7720-A819-4EF9-BC47-832F2EECE7F5}.Debug|x86.ActiveCfg = Debug|Any CPU
		{E97F7720-A819-4EF9-BC47-832F2EECE7F5}.Debug|x86.Build.0 = Debug|Any CPU
		{E97F7720-A819-4EF9-BC47-832F2EECE7F5}.Release|Any CPU.ActiveCfg = Release|Any CPU
		{E97F7720-A819-4EF9-BC47-832F2EECE7F5}.Release|Any CPU.Build.0 = Release|Any CPU
		{E97F7720-A819-4EF9-BC47-832F2EECE7F5}.Release|x86.ActiveCfg = Release|Any CPU
		{E97F7720-A819-4EF9-BC47-832F2EECE7F5}.Release|x86.Build.0 = Release|Any CPU
		{6CA758B8-A0B1-4693-B028-49243BD00B9D}.Debug|Any CPU.ActiveCfg = Debug|Any CPU
		{6CA758B8-A0B1-4693-B028-49243BD00B9D}.Debug|Any CPU.Build.0 = Debug|Any CPU
		{6CA758B8-A0B1-4693-B028-49243BD00B9D}.Debug|x86.ActiveCfg = Debug|Any CPU
		{6CA758B8-A0B1-4693-B028-49243BD00B9D}.Debug|x86.Build.0 = Debug|Any CPU
		{6CA758B8-A0B1-4693-B028-49243BD00B9D}.Release|Any CPU.ActiveCfg = Release|Any CPU
		{6CA758B8-A0B1-4693-B028-49243BD00B9D}.Release|Any CPU.Build.0 = Release|Any CPU
		{6CA758B8-A0B1-4693-B028-49243BD00B9D}.Release|x86.ActiveCfg = Release|Any CPU
		{6CA758B8-A0B1-4693-B028-49243BD00B9D}.Release|x86.Build.0 = Release|Any CPU
		{45BB8A62-F24B-4410-9481-90D08EECDE6E}.Debug|Any CPU.ActiveCfg = Debug|Any CPU
		{45BB8A62-F24B-4410-9481-90D08EECDE6E}.Debug|Any CPU.Build.0 = Debug|Any CPU
		{45BB8A62-F24B-4410-9481-90D08EECDE6E}.Debug|x86.ActiveCfg = Debug|Any CPU
		{45BB8A62-F24B-4410-9481-90D08EECDE6E}.Debug|x86.Build.0 = Debug|Any CPU
		{45BB8A62-F24B-4410-9481-90D08EECDE6E}.Release|Any CPU.ActiveCfg = Release|Any CPU
		{45BB8A62-F24B-4410-9481-90D08EECDE6E}.Release|Any CPU.Build.0 = Release|Any CPU
		{45BB8A62-F24B-4410-9481-90D08EECDE6E}.Release|x86.ActiveCfg = Release|Any CPU
		{45BB8A62-F24B-4410-9481-90D08EECDE6E}.Release|x86.Build.0 = Release|Any CPU
		{655B86F6-4747-48AC-BFB1-268F42BD07CB}.Debug|Any CPU.ActiveCfg = Debug|Any CPU
		{655B86F6-4747-48AC-BFB1-268F42BD07CB}.Debug|Any CPU.Build.0 = Debug|Any CPU
		{655B86F6-4747-48AC-BFB1-268F42BD07CB}.Debug|x86.ActiveCfg = Debug|Any CPU
		{655B86F6-4747-48AC-BFB1-268F42BD07CB}.Debug|x86.Build.0 = Debug|Any CPU
		{655B86F6-4747-48AC-BFB1-268F42BD07CB}.Release|Any CPU.ActiveCfg = Release|Any CPU
		{655B86F6-4747-48AC-BFB1-268F42BD07CB}.Release|Any CPU.Build.0 = Release|Any CPU
		{655B86F6-4747-48AC-BFB1-268F42BD07CB}.Release|x86.ActiveCfg = Release|Any CPU
		{655B86F6-4747-48AC-BFB1-268F42BD07CB}.Release|x86.Build.0 = Release|Any CPU
		{605E0DC7-3538-4462-8BF1-894DBFEDDF1A}.Debug|Any CPU.ActiveCfg = Debug|Any CPU
		{605E0DC7-3538-4462-8BF1-894DBFEDDF1A}.Debug|Any CPU.Build.0 = Debug|Any CPU
		{605E0DC7-3538-4462-8BF1-894DBFEDDF1A}.Debug|x86.ActiveCfg = Debug|Any CPU
		{605E0DC7-3538-4462-8BF1-894DBFEDDF1A}.Debug|x86.Build.0 = Debug|Any CPU
		{605E0DC7-3538-4462-8BF1-894DBFEDDF1A}.Release|Any CPU.ActiveCfg = Release|Any CPU
		{605E0DC7-3538-4462-8BF1-894DBFEDDF1A}.Release|Any CPU.Build.0 = Release|Any CPU
		{605E0DC7-3538-4462-8BF1-894DBFEDDF1A}.Release|x86.ActiveCfg = Release|Any CPU
		{605E0DC7-3538-4462-8BF1-894DBFEDDF1A}.Release|x86.Build.0 = Release|Any CPU
		{97319178-313B-4B47-85AE-ACFD4C3340CD}.Debug|Any CPU.ActiveCfg = Debug|Any CPU
		{97319178-313B-4B47-85AE-ACFD4C3340CD}.Debug|Any CPU.Build.0 = Debug|Any CPU
		{97319178-313B-4B47-85AE-ACFD4C3340CD}.Debug|x86.ActiveCfg = Debug|Any CPU
		{97319178-313B-4B47-85AE-ACFD4C3340CD}.Debug|x86.Build.0 = Debug|Any CPU
		{97319178-313B-4B47-85AE-ACFD4C3340CD}.Release|Any CPU.ActiveCfg = Release|Any CPU
		{97319178-313B-4B47-85AE-ACFD4C3340CD}.Release|Any CPU.Build.0 = Release|Any CPU
		{97319178-313B-4B47-85AE-ACFD4C3340CD}.Release|x86.ActiveCfg = Release|Any CPU
		{97319178-313B-4B47-85AE-ACFD4C3340CD}.Release|x86.Build.0 = Release|Any CPU
		{ADC9A085-6883-43D8-990D-67F75E23FD9A}.Debug|Any CPU.ActiveCfg = Debug|Any CPU
		{ADC9A085-6883-43D8-990D-67F75E23FD9A}.Debug|Any CPU.Build.0 = Debug|Any CPU
		{ADC9A085-6883-43D8-990D-67F75E23FD9A}.Debug|x86.ActiveCfg = Debug|Any CPU
		{ADC9A085-6883-43D8-990D-67F75E23FD9A}.Debug|x86.Build.0 = Debug|Any CPU
		{ADC9A085-6883-43D8-990D-67F75E23FD9A}.Release|Any CPU.ActiveCfg = Release|Any CPU
		{ADC9A085-6883-43D8-990D-67F75E23FD9A}.Release|Any CPU.Build.0 = Release|Any CPU
		{ADC9A085-6883-43D8-990D-67F75E23FD9A}.Release|x86.ActiveCfg = Release|Any CPU
		{ADC9A085-6883-43D8-990D-67F75E23FD9A}.Release|x86.Build.0 = Release|Any CPU
		{A1443404-2781-4CFC-91BC-B13DD9124FB3}.Debug|Any CPU.ActiveCfg = Debug|Any CPU
		{A1443404-2781-4CFC-91BC-B13DD9124FB3}.Debug|Any CPU.Build.0 = Debug|Any CPU
		{A1443404-2781-4CFC-91BC-B13DD9124FB3}.Debug|x86.ActiveCfg = Debug|Any CPU
		{A1443404-2781-4CFC-91BC-B13DD9124FB3}.Debug|x86.Build.0 = Debug|Any CPU
		{A1443404-2781-4CFC-91BC-B13DD9124FB3}.Release|Any CPU.ActiveCfg = Release|Any CPU
		{A1443404-2781-4CFC-91BC-B13DD9124FB3}.Release|Any CPU.Build.0 = Release|Any CPU
		{A1443404-2781-4CFC-91BC-B13DD9124FB3}.Release|x86.ActiveCfg = Release|Any CPU
		{A1443404-2781-4CFC-91BC-B13DD9124FB3}.Release|x86.Build.0 = Release|Any CPU
		{126CB137-6060-418A-A2E6-D76B1E3910E6}.Debug|Any CPU.ActiveCfg = Debug|Any CPU
		{126CB137-6060-418A-A2E6-D76B1E3910E6}.Debug|Any CPU.Build.0 = Debug|Any CPU
		{126CB137-6060-418A-A2E6-D76B1E3910E6}.Debug|x86.ActiveCfg = Debug|Any CPU
		{126CB137-6060-418A-A2E6-D76B1E3910E6}.Debug|x86.Build.0 = Debug|Any CPU
		{126CB137-6060-418A-A2E6-D76B1E3910E6}.Release|Any CPU.ActiveCfg = Release|Any CPU
		{126CB137-6060-418A-A2E6-D76B1E3910E6}.Release|Any CPU.Build.0 = Release|Any CPU
		{126CB137-6060-418A-A2E6-D76B1E3910E6}.Release|x86.ActiveCfg = Release|Any CPU
		{126CB137-6060-418A-A2E6-D76B1E3910E6}.Release|x86.Build.0 = Release|Any CPU
		{47EE1397-DA42-4B0B-B91A-C4C89F8F16E8}.Debug|Any CPU.ActiveCfg = Debug|Any CPU
		{47EE1397-DA42-4B0B-B91A-C4C89F8F16E8}.Debug|Any CPU.Build.0 = Debug|Any CPU
		{47EE1397-DA42-4B0B-B91A-C4C89F8F16E8}.Debug|x86.ActiveCfg = Debug|Any CPU
		{47EE1397-DA42-4B0B-B91A-C4C89F8F16E8}.Debug|x86.Build.0 = Debug|Any CPU
		{47EE1397-DA42-4B0B-B91A-C4C89F8F16E8}.Release|Any CPU.ActiveCfg = Release|Any CPU
		{47EE1397-DA42-4B0B-B91A-C4C89F8F16E8}.Release|Any CPU.Build.0 = Release|Any CPU
		{47EE1397-DA42-4B0B-B91A-C4C89F8F16E8}.Release|x86.ActiveCfg = Release|Any CPU
		{47EE1397-DA42-4B0B-B91A-C4C89F8F16E8}.Release|x86.Build.0 = Release|Any CPU
		{D7D26D99-50C9-4A5F-A059-2F4CB2409CB3}.Debug|Any CPU.ActiveCfg = Debug|Any CPU
		{D7D26D99-50C9-4A5F-A059-2F4CB2409CB3}.Debug|Any CPU.Build.0 = Debug|Any CPU
		{D7D26D99-50C9-4A5F-A059-2F4CB2409CB3}.Debug|x86.ActiveCfg = Debug|Any CPU
		{D7D26D99-50C9-4A5F-A059-2F4CB2409CB3}.Debug|x86.Build.0 = Debug|Any CPU
		{D7D26D99-50C9-4A5F-A059-2F4CB2409CB3}.Release|Any CPU.ActiveCfg = Release|Any CPU
		{D7D26D99-50C9-4A5F-A059-2F4CB2409CB3}.Release|Any CPU.Build.0 = Release|Any CPU
		{D7D26D99-50C9-4A5F-A059-2F4CB2409CB3}.Release|x86.ActiveCfg = Release|Any CPU
		{D7D26D99-50C9-4A5F-A059-2F4CB2409CB3}.Release|x86.Build.0 = Release|Any CPU
		{BB77B3A0-7FDE-466E-B743-DF4B268D6791}.Debug|Any CPU.ActiveCfg = Debug|Any CPU
		{BB77B3A0-7FDE-466E-B743-DF4B268D6791}.Debug|Any CPU.Build.0 = Debug|Any CPU
		{BB77B3A0-7FDE-466E-B743-DF4B268D6791}.Debug|x86.ActiveCfg = Debug|Any CPU
		{BB77B3A0-7FDE-466E-B743-DF4B268D6791}.Debug|x86.Build.0 = Debug|Any CPU
		{BB77B3A0-7FDE-466E-B743-DF4B268D6791}.Release|Any CPU.ActiveCfg = Release|Any CPU
		{BB77B3A0-7FDE-466E-B743-DF4B268D6791}.Release|Any CPU.Build.0 = Release|Any CPU
		{BB77B3A0-7FDE-466E-B743-DF4B268D6791}.Release|x86.ActiveCfg = Release|Any CPU
		{BB77B3A0-7FDE-466E-B743-DF4B268D6791}.Release|x86.Build.0 = Release|Any CPU
		{0F605ECD-A8D9-49BD-A2EC-9113AF0E0B3C}.Debug|Any CPU.ActiveCfg = Debug|Any CPU
		{0F605ECD-A8D9-49BD-A2EC-9113AF0E0B3C}.Debug|Any CPU.Build.0 = Debug|Any CPU
		{0F605ECD-A8D9-49BD-A2EC-9113AF0E0B3C}.Debug|x86.ActiveCfg = Debug|Any CPU
		{0F605ECD-A8D9-49BD-A2EC-9113AF0E0B3C}.Debug|x86.Build.0 = Debug|Any CPU
		{0F605ECD-A8D9-49BD-A2EC-9113AF0E0B3C}.Release|Any CPU.ActiveCfg = Release|Any CPU
		{0F605ECD-A8D9-49BD-A2EC-9113AF0E0B3C}.Release|Any CPU.Build.0 = Release|Any CPU
		{0F605ECD-A8D9-49BD-A2EC-9113AF0E0B3C}.Release|x86.ActiveCfg = Release|Any CPU
		{0F605ECD-A8D9-49BD-A2EC-9113AF0E0B3C}.Release|x86.Build.0 = Release|Any CPU
		{4F2D6647-A248-4F79-A6BF-868DE043053A}.Debug|Any CPU.ActiveCfg = Debug|Any CPU
		{4F2D6647-A248-4F79-A6BF-868DE043053A}.Debug|Any CPU.Build.0 = Debug|Any CPU
		{4F2D6647-A248-4F79-A6BF-868DE043053A}.Debug|x86.ActiveCfg = Debug|Any CPU
		{4F2D6647-A248-4F79-A6BF-868DE043053A}.Debug|x86.Build.0 = Debug|Any CPU
		{4F2D6647-A248-4F79-A6BF-868DE043053A}.Release|Any CPU.ActiveCfg = Release|Any CPU
		{4F2D6647-A248-4F79-A6BF-868DE043053A}.Release|Any CPU.Build.0 = Release|Any CPU
		{4F2D6647-A248-4F79-A6BF-868DE043053A}.Release|x86.ActiveCfg = Release|Any CPU
		{4F2D6647-A248-4F79-A6BF-868DE043053A}.Release|x86.Build.0 = Release|Any CPU
		{C21732C4-3F85-4547-B783-6C9370FD562A}.Debug|Any CPU.ActiveCfg = Debug|Any CPU
		{C21732C4-3F85-4547-B783-6C9370FD562A}.Debug|Any CPU.Build.0 = Debug|Any CPU
		{C21732C4-3F85-4547-B783-6C9370FD562A}.Debug|x86.ActiveCfg = Debug|Any CPU
		{C21732C4-3F85-4547-B783-6C9370FD562A}.Debug|x86.Build.0 = Debug|Any CPU
		{C21732C4-3F85-4547-B783-6C9370FD562A}.Release|Any CPU.ActiveCfg = Release|Any CPU
		{C21732C4-3F85-4547-B783-6C9370FD562A}.Release|Any CPU.Build.0 = Release|Any CPU
		{C21732C4-3F85-4547-B783-6C9370FD562A}.Release|x86.ActiveCfg = Release|Any CPU
		{C21732C4-3F85-4547-B783-6C9370FD562A}.Release|x86.Build.0 = Release|Any CPU
		{AA109356-E161-462F-8A78-EA88C8D8DCF5}.Debug|Any CPU.ActiveCfg = Debug|Any CPU
		{AA109356-E161-462F-8A78-EA88C8D8DCF5}.Debug|Any CPU.Build.0 = Debug|Any CPU
		{AA109356-E161-462F-8A78-EA88C8D8DCF5}.Debug|x86.ActiveCfg = Debug|Any CPU
		{AA109356-E161-462F-8A78-EA88C8D8DCF5}.Debug|x86.Build.0 = Debug|Any CPU
		{AA109356-E161-462F-8A78-EA88C8D8DCF5}.Release|Any CPU.ActiveCfg = Release|Any CPU
		{AA109356-E161-462F-8A78-EA88C8D8DCF5}.Release|Any CPU.Build.0 = Release|Any CPU
		{AA109356-E161-462F-8A78-EA88C8D8DCF5}.Release|x86.ActiveCfg = Release|Any CPU
		{AA109356-E161-462F-8A78-EA88C8D8DCF5}.Release|x86.Build.0 = Release|Any CPU
		{17B3AC7B-9227-4B5C-B66D-F8907D5C1D98}.Debug|Any CPU.ActiveCfg = Debug|Any CPU
		{17B3AC7B-9227-4B5C-B66D-F8907D5C1D98}.Debug|Any CPU.Build.0 = Debug|Any CPU
		{17B3AC7B-9227-4B5C-B66D-F8907D5C1D98}.Debug|x86.ActiveCfg = Debug|Any CPU
		{17B3AC7B-9227-4B5C-B66D-F8907D5C1D98}.Debug|x86.Build.0 = Debug|Any CPU
		{17B3AC7B-9227-4B5C-B66D-F8907D5C1D98}.Release|Any CPU.ActiveCfg = Release|Any CPU
		{17B3AC7B-9227-4B5C-B66D-F8907D5C1D98}.Release|Any CPU.Build.0 = Release|Any CPU
		{17B3AC7B-9227-4B5C-B66D-F8907D5C1D98}.Release|x86.ActiveCfg = Release|Any CPU
		{17B3AC7B-9227-4B5C-B66D-F8907D5C1D98}.Release|x86.Build.0 = Release|Any CPU
		{101C87B5-EAF7-48E5-9006-D11C448DA3C2}.Debug|Any CPU.ActiveCfg = Debug|Any CPU
		{101C87B5-EAF7-48E5-9006-D11C448DA3C2}.Debug|Any CPU.Build.0 = Debug|Any CPU
		{101C87B5-EAF7-48E5-9006-D11C448DA3C2}.Debug|x86.ActiveCfg = Debug|Any CPU
		{101C87B5-EAF7-48E5-9006-D11C448DA3C2}.Debug|x86.Build.0 = Debug|Any CPU
		{101C87B5-EAF7-48E5-9006-D11C448DA3C2}.Release|Any CPU.ActiveCfg = Release|Any CPU
		{101C87B5-EAF7-48E5-9006-D11C448DA3C2}.Release|Any CPU.Build.0 = Release|Any CPU
		{101C87B5-EAF7-48E5-9006-D11C448DA3C2}.Release|x86.ActiveCfg = Release|Any CPU
		{101C87B5-EAF7-48E5-9006-D11C448DA3C2}.Release|x86.Build.0 = Release|Any CPU
		{380891A7-A0B0-460D-A9A7-A4A4EDDA0B7E}.Debug|Any CPU.ActiveCfg = Debug|Any CPU
		{380891A7-A0B0-460D-A9A7-A4A4EDDA0B7E}.Debug|Any CPU.Build.0 = Debug|Any CPU
		{380891A7-A0B0-460D-A9A7-A4A4EDDA0B7E}.Debug|x86.ActiveCfg = Debug|Any CPU
		{380891A7-A0B0-460D-A9A7-A4A4EDDA0B7E}.Debug|x86.Build.0 = Debug|Any CPU
		{380891A7-A0B0-460D-A9A7-A4A4EDDA0B7E}.Release|Any CPU.ActiveCfg = Release|Any CPU
		{380891A7-A0B0-460D-A9A7-A4A4EDDA0B7E}.Release|Any CPU.Build.0 = Release|Any CPU
		{380891A7-A0B0-460D-A9A7-A4A4EDDA0B7E}.Release|x86.ActiveCfg = Release|Any CPU
		{380891A7-A0B0-460D-A9A7-A4A4EDDA0B7E}.Release|x86.Build.0 = Release|Any CPU
		{7EA1ADBB-779B-47B3-B9FC-733C6EA60AD0}.Debug|Any CPU.ActiveCfg = Debug|Any CPU
		{7EA1ADBB-779B-47B3-B9FC-733C6EA60AD0}.Debug|Any CPU.Build.0 = Debug|Any CPU
		{7EA1ADBB-779B-47B3-B9FC-733C6EA60AD0}.Debug|x86.ActiveCfg = Debug|Any CPU
		{7EA1ADBB-779B-47B3-B9FC-733C6EA60AD0}.Debug|x86.Build.0 = Debug|Any CPU
		{7EA1ADBB-779B-47B3-B9FC-733C6EA60AD0}.Release|Any CPU.ActiveCfg = Release|Any CPU
		{7EA1ADBB-779B-47B3-B9FC-733C6EA60AD0}.Release|Any CPU.Build.0 = Release|Any CPU
		{7EA1ADBB-779B-47B3-B9FC-733C6EA60AD0}.Release|x86.ActiveCfg = Release|Any CPU
		{7EA1ADBB-779B-47B3-B9FC-733C6EA60AD0}.Release|x86.Build.0 = Release|Any CPU
		{BFF0E93D-303A-4259-8130-047887BDC7A1}.Debug|Any CPU.ActiveCfg = Debug|Any CPU
		{BFF0E93D-303A-4259-8130-047887BDC7A1}.Debug|Any CPU.Build.0 = Debug|Any CPU
		{BFF0E93D-303A-4259-8130-047887BDC7A1}.Debug|x86.ActiveCfg = Debug|Any CPU
		{BFF0E93D-303A-4259-8130-047887BDC7A1}.Debug|x86.Build.0 = Debug|Any CPU
		{BFF0E93D-303A-4259-8130-047887BDC7A1}.Release|Any CPU.ActiveCfg = Release|Any CPU
		{BFF0E93D-303A-4259-8130-047887BDC7A1}.Release|Any CPU.Build.0 = Release|Any CPU
		{BFF0E93D-303A-4259-8130-047887BDC7A1}.Release|x86.ActiveCfg = Release|Any CPU
		{BFF0E93D-303A-4259-8130-047887BDC7A1}.Release|x86.Build.0 = Release|Any CPU
		{6357FE90-B1B5-4931-B179-ABAB0C6A407C}.Debug|Any CPU.ActiveCfg = Debug|Any CPU
		{6357FE90-B1B5-4931-B179-ABAB0C6A407C}.Debug|Any CPU.Build.0 = Debug|Any CPU
		{6357FE90-B1B5-4931-B179-ABAB0C6A407C}.Debug|x86.ActiveCfg = Debug|Any CPU
		{6357FE90-B1B5-4931-B179-ABAB0C6A407C}.Debug|x86.Build.0 = Debug|Any CPU
		{6357FE90-B1B5-4931-B179-ABAB0C6A407C}.Release|Any CPU.ActiveCfg = Release|Any CPU
		{6357FE90-B1B5-4931-B179-ABAB0C6A407C}.Release|Any CPU.Build.0 = Release|Any CPU
		{6357FE90-B1B5-4931-B179-ABAB0C6A407C}.Release|x86.ActiveCfg = Release|Any CPU
		{6357FE90-B1B5-4931-B179-ABAB0C6A407C}.Release|x86.Build.0 = Release|Any CPU
		{E81A1FEF-CD12-4766-826E-0D76F1675FD1}.Debug|Any CPU.ActiveCfg = Debug|Any CPU
		{E81A1FEF-CD12-4766-826E-0D76F1675FD1}.Debug|Any CPU.Build.0 = Debug|Any CPU
		{E81A1FEF-CD12-4766-826E-0D76F1675FD1}.Debug|x86.ActiveCfg = Debug|Any CPU
		{E81A1FEF-CD12-4766-826E-0D76F1675FD1}.Debug|x86.Build.0 = Debug|Any CPU
		{E81A1FEF-CD12-4766-826E-0D76F1675FD1}.Release|Any CPU.ActiveCfg = Release|Any CPU
		{E81A1FEF-CD12-4766-826E-0D76F1675FD1}.Release|Any CPU.Build.0 = Release|Any CPU
		{E81A1FEF-CD12-4766-826E-0D76F1675FD1}.Release|x86.ActiveCfg = Release|Any CPU
		{E81A1FEF-CD12-4766-826E-0D76F1675FD1}.Release|x86.Build.0 = Release|Any CPU
		{4FCC6BD5-DA63-49A1-A761-C8E5510C5E85}.Debug|Any CPU.ActiveCfg = Debug|Any CPU
		{4FCC6BD5-DA63-49A1-A761-C8E5510C5E85}.Debug|Any CPU.Build.0 = Debug|Any CPU
		{4FCC6BD5-DA63-49A1-A761-C8E5510C5E85}.Debug|x86.ActiveCfg = Debug|Any CPU
		{4FCC6BD5-DA63-49A1-A761-C8E5510C5E85}.Debug|x86.Build.0 = Debug|Any CPU
		{4FCC6BD5-DA63-49A1-A761-C8E5510C5E85}.Release|Any CPU.ActiveCfg = Release|Any CPU
		{4FCC6BD5-DA63-49A1-A761-C8E5510C5E85}.Release|Any CPU.Build.0 = Release|Any CPU
		{4FCC6BD5-DA63-49A1-A761-C8E5510C5E85}.Release|x86.ActiveCfg = Release|Any CPU
		{4FCC6BD5-DA63-49A1-A761-C8E5510C5E85}.Release|x86.Build.0 = Release|Any CPU
		{6C6818FD-1C4F-433F-813B-5AC2820D9AEE}.Debug|Any CPU.ActiveCfg = Debug|Any CPU
		{6C6818FD-1C4F-433F-813B-5AC2820D9AEE}.Debug|Any CPU.Build.0 = Debug|Any CPU
		{6C6818FD-1C4F-433F-813B-5AC2820D9AEE}.Debug|x86.ActiveCfg = Debug|Any CPU
		{6C6818FD-1C4F-433F-813B-5AC2820D9AEE}.Debug|x86.Build.0 = Debug|Any CPU
		{6C6818FD-1C4F-433F-813B-5AC2820D9AEE}.Release|Any CPU.ActiveCfg = Release|Any CPU
		{6C6818FD-1C4F-433F-813B-5AC2820D9AEE}.Release|Any CPU.Build.0 = Release|Any CPU
		{6C6818FD-1C4F-433F-813B-5AC2820D9AEE}.Release|x86.ActiveCfg = Release|Any CPU
		{6C6818FD-1C4F-433F-813B-5AC2820D9AEE}.Release|x86.Build.0 = Release|Any CPU
		{94AD9068-D09A-4A17-947B-10D0B6FD5601}.Debug|Any CPU.ActiveCfg = Debug|Any CPU
		{94AD9068-D09A-4A17-947B-10D0B6FD5601}.Debug|Any CPU.Build.0 = Debug|Any CPU
		{94AD9068-D09A-4A17-947B-10D0B6FD5601}.Debug|x86.ActiveCfg = Debug|Any CPU
		{94AD9068-D09A-4A17-947B-10D0B6FD5601}.Debug|x86.Build.0 = Debug|Any CPU
		{94AD9068-D09A-4A17-947B-10D0B6FD5601}.Release|Any CPU.ActiveCfg = Release|Any CPU
		{94AD9068-D09A-4A17-947B-10D0B6FD5601}.Release|Any CPU.Build.0 = Release|Any CPU
		{94AD9068-D09A-4A17-947B-10D0B6FD5601}.Release|x86.ActiveCfg = Release|Any CPU
		{94AD9068-D09A-4A17-947B-10D0B6FD5601}.Release|x86.Build.0 = Release|Any CPU
		{95D28021-85EF-4A66-9292-22DC67F1BB3B}.Debug|Any CPU.ActiveCfg = Debug|Any CPU
		{95D28021-85EF-4A66-9292-22DC67F1BB3B}.Debug|Any CPU.Build.0 = Debug|Any CPU
		{95D28021-85EF-4A66-9292-22DC67F1BB3B}.Debug|x86.ActiveCfg = Debug|Any CPU
		{95D28021-85EF-4A66-9292-22DC67F1BB3B}.Debug|x86.Build.0 = Debug|Any CPU
		{95D28021-85EF-4A66-9292-22DC67F1BB3B}.Release|Any CPU.ActiveCfg = Release|Any CPU
		{95D28021-85EF-4A66-9292-22DC67F1BB3B}.Release|Any CPU.Build.0 = Release|Any CPU
		{95D28021-85EF-4A66-9292-22DC67F1BB3B}.Release|x86.ActiveCfg = Release|Any CPU
		{95D28021-85EF-4A66-9292-22DC67F1BB3B}.Release|x86.Build.0 = Release|Any CPU
		{63E3E33B-0CD4-44EA-A8CE-9D463C03FBAD}.Debug|Any CPU.ActiveCfg = Debug|Any CPU
		{63E3E33B-0CD4-44EA-A8CE-9D463C03FBAD}.Debug|Any CPU.Build.0 = Debug|Any CPU
		{63E3E33B-0CD4-44EA-A8CE-9D463C03FBAD}.Debug|x86.ActiveCfg = Debug|Any CPU
		{63E3E33B-0CD4-44EA-A8CE-9D463C03FBAD}.Debug|x86.Build.0 = Debug|Any CPU
		{63E3E33B-0CD4-44EA-A8CE-9D463C03FBAD}.Release|Any CPU.ActiveCfg = Release|Any CPU
		{63E3E33B-0CD4-44EA-A8CE-9D463C03FBAD}.Release|Any CPU.Build.0 = Release|Any CPU
		{63E3E33B-0CD4-44EA-A8CE-9D463C03FBAD}.Release|x86.ActiveCfg = Release|Any CPU
		{63E3E33B-0CD4-44EA-A8CE-9D463C03FBAD}.Release|x86.Build.0 = Release|Any CPU
		{F0A44BBD-D9C3-47D9-BA30-6A843EEFFED1}.Debug|Any CPU.ActiveCfg = Debug|Any CPU
		{F0A44BBD-D9C3-47D9-BA30-6A843EEFFED1}.Debug|Any CPU.Build.0 = Debug|Any CPU
		{F0A44BBD-D9C3-47D9-BA30-6A843EEFFED1}.Debug|x86.ActiveCfg = Debug|Any CPU
		{F0A44BBD-D9C3-47D9-BA30-6A843EEFFED1}.Debug|x86.Build.0 = Debug|Any CPU
		{F0A44BBD-D9C3-47D9-BA30-6A843EEFFED1}.Release|Any CPU.ActiveCfg = Release|Any CPU
		{F0A44BBD-D9C3-47D9-BA30-6A843EEFFED1}.Release|Any CPU.Build.0 = Release|Any CPU
		{F0A44BBD-D9C3-47D9-BA30-6A843EEFFED1}.Release|x86.ActiveCfg = Release|Any CPU
		{F0A44BBD-D9C3-47D9-BA30-6A843EEFFED1}.Release|x86.Build.0 = Release|Any CPU
		{4F8D8AA1-E663-4851-A378-CF38780FD64A}.Debug|Any CPU.ActiveCfg = Debug|Any CPU
		{4F8D8AA1-E663-4851-A378-CF38780FD64A}.Debug|Any CPU.Build.0 = Debug|Any CPU
		{4F8D8AA1-E663-4851-A378-CF38780FD64A}.Debug|x86.ActiveCfg = Debug|Any CPU
		{4F8D8AA1-E663-4851-A378-CF38780FD64A}.Debug|x86.Build.0 = Debug|Any CPU
		{4F8D8AA1-E663-4851-A378-CF38780FD64A}.Release|Any CPU.ActiveCfg = Release|Any CPU
		{4F8D8AA1-E663-4851-A378-CF38780FD64A}.Release|Any CPU.Build.0 = Release|Any CPU
		{4F8D8AA1-E663-4851-A378-CF38780FD64A}.Release|x86.ActiveCfg = Release|Any CPU
		{4F8D8AA1-E663-4851-A378-CF38780FD64A}.Release|x86.Build.0 = Release|Any CPU
	EndGlobalSection
	GlobalSection(SolutionProperties) = preSolution
		HideSolutionNode = FALSE
	EndGlobalSection
	GlobalSection(NestedProjects) = preSolution
		{5B45FE8D-7ED0-490B-9C9D-108768D2002C} = {D8BDEE75-436F-4123-AC6D-85350BCD25BF}
		{08C09196-67E4-4BB5-8F42-7A4987793731} = {5B45FE8D-7ED0-490B-9C9D-108768D2002C}
		{25B0BDB6-B097-4FD2-8F1F-54684D86C34C} = {5B45FE8D-7ED0-490B-9C9D-108768D2002C}
		{D8BDEE75-436F-4123-AC6D-85350BCD25BF} = {17070A46-661F-4A01-8B84-CE9C59173779}
		{F43727AF-A4AF-4DFF-8CF6-407129475A0A} = {7A4B618F-010B-45B5-A901-837F82D6C3D4}
		{9B6994E8-DB1D-4658-B268-41336E99D2E8} = {17070A46-661F-4A01-8B84-CE9C59173779}
		{00318009-4C1D-4923-8017-EF7AB4537BAE} = {08C09196-67E4-4BB5-8F42-7A4987793731}
		{9993D667-A6B4-417B-B8F1-DE51F9B9F47B} = {F43727AF-A4AF-4DFF-8CF6-407129475A0A}
		{391F171B-0EB6-465C-BDE0-50162CE6D9B4} = {9993D667-A6B4-417B-B8F1-DE51F9B9F47B}
		{E97F7720-A819-4EF9-BC47-832F2EECE7F5} = {08C09196-67E4-4BB5-8F42-7A4987793731}
		{FF74BE9D-5359-4F38-9C0C-5D60174B0EDD} = {5B45FE8D-7ED0-490B-9C9D-108768D2002C}
		{6CA758B8-A0B1-4693-B028-49243BD00B9D} = {FF74BE9D-5359-4F38-9C0C-5D60174B0EDD}
		{45BB8A62-F24B-4410-9481-90D08EECDE6E} = {FF74BE9D-5359-4F38-9C0C-5D60174B0EDD}
		{655B86F6-4747-48AC-BFB1-268F42BD07CB} = {D8BDEE75-436F-4123-AC6D-85350BCD25BF}
		{605E0DC7-3538-4462-8BF1-894DBFEDDF1A} = {D8BDEE75-436F-4123-AC6D-85350BCD25BF}
		{97319178-313B-4B47-85AE-ACFD4C3340CD} = {D8BDEE75-436F-4123-AC6D-85350BCD25BF}
		{ADC9A085-6883-43D8-990D-67F75E23FD9A} = {D8BDEE75-436F-4123-AC6D-85350BCD25BF}
		{6E21798D-434A-48F4-A23B-39C380A92F37} = {17070A46-661F-4A01-8B84-CE9C59173779}
		{36949536-F64A-4662-8AE7-5858C5CA9595} = {6E21798D-434A-48F4-A23B-39C380A92F37}
		{A1443404-2781-4CFC-91BC-B13DD9124FB3} = {36949536-F64A-4662-8AE7-5858C5CA9595}
		{126CB137-6060-418A-A2E6-D76B1E3910E6} = {6E21798D-434A-48F4-A23B-39C380A92F37}
		{460169FA-68AC-4C3A-B6E9-F66284313DAD} = {17070A46-661F-4A01-8B84-CE9C59173779}
		{47EE1397-DA42-4B0B-B91A-C4C89F8F16E8} = {460169FA-68AC-4C3A-B6E9-F66284313DAD}
		{D9F75C39-58B3-4C0C-9FD4-1AD35609313F} = {6E21798D-434A-48F4-A23B-39C380A92F37}
		{D7D26D99-50C9-4A5F-A059-2F4CB2409CB3} = {D9F75C39-58B3-4C0C-9FD4-1AD35609313F}
		{BB77B3A0-7FDE-466E-B743-DF4B268D6791} = {36949536-F64A-4662-8AE7-5858C5CA9595}
		{0F605ECD-A8D9-49BD-A2EC-9113AF0E0B3C} = {6E21798D-434A-48F4-A23B-39C380A92F37}
		{4F2D6647-A248-4F79-A6BF-868DE043053A} = {460169FA-68AC-4C3A-B6E9-F66284313DAD}
		{2E136D89-2B38-4A5A-A0C4-495A6C5D7094} = {7A4B618F-010B-45B5-A901-837F82D6C3D4}
		{3680686E-554E-4A77-8C77-7A5C6607E5E6} = {7A4B618F-010B-45B5-A901-837F82D6C3D4}
		{C21732C4-3F85-4547-B783-6C9370FD562A} = {D9F75C39-58B3-4C0C-9FD4-1AD35609313F}
		{AA109356-E161-462F-8A78-EA88C8D8DCF5} = {2E136D89-2B38-4A5A-A0C4-495A6C5D7094}
		{17B3AC7B-9227-4B5C-B66D-F8907D5C1D98} = {460169FA-68AC-4C3A-B6E9-F66284313DAD}
		{101C87B5-EAF7-48E5-9006-D11C448DA3C2} = {460169FA-68AC-4C3A-B6E9-F66284313DAD}
		{2AB838DB-0131-4D80-9FD3-0728CBB398C4} = {17070A46-661F-4A01-8B84-CE9C59173779}
		{380891A7-A0B0-460D-A9A7-A4A4EDDA0B7E} = {08C09196-67E4-4BB5-8F42-7A4987793731}
		{7EA1ADBB-779B-47B3-B9FC-733C6EA60AD0} = {F43727AF-A4AF-4DFF-8CF6-407129475A0A}
		{BFF0E93D-303A-4259-8130-047887BDC7A1} = {F43727AF-A4AF-4DFF-8CF6-407129475A0A}
		{6357FE90-B1B5-4931-B179-ABAB0C6A407C} = {9B6994E8-DB1D-4658-B268-41336E99D2E8}
		{E81A1FEF-CD12-4766-826E-0D76F1675FD1} = {391F171B-0EB6-465C-BDE0-50162CE6D9B4}
		{8E38625B-6E34-4866-A6DA-B96AD66627E9} = {D8BDEE75-436F-4123-AC6D-85350BCD25BF}
		{4FCC6BD5-DA63-49A1-A761-C8E5510C5E85} = {3680686E-554E-4A77-8C77-7A5C6607E5E6}
		{6C6818FD-1C4F-433F-813B-5AC2820D9AEE} = {3680686E-554E-4A77-8C77-7A5C6607E5E6}
		{1EFB839B-011E-4FC2-A442-204ADB144DD4} = {15E38D17-ECED-49D4-A161-38EC79E795E9}
		{B0929B54-EC1E-4B68-ABEC-F5ABE8B2D9A7} = {1EFB839B-011E-4FC2-A442-204ADB144DD4}
		{68C49450-AC78-4294-A302-A0B61F0CC7F8} = {D8BDEE75-436F-4123-AC6D-85350BCD25BF}
		{C1E95ED4-763B-46D8-ADDB-CF37FA5EC938} = {D8BDEE75-436F-4123-AC6D-85350BCD25BF}
		{94AD9068-D09A-4A17-947B-10D0B6FD5601} = {8E38625B-6E34-4866-A6DA-B96AD66627E9}
		{5F5543FE-5505-4B7E-9647-A7301BA953C3} = {D8BDEE75-436F-4123-AC6D-85350BCD25BF}
		{95D28021-85EF-4A66-9292-22DC67F1BB3B} = {5F5543FE-5505-4B7E-9647-A7301BA953C3}
		{63E3E33B-0CD4-44EA-A8CE-9D463C03FBAD} = {D8BDEE75-436F-4123-AC6D-85350BCD25BF}
		{F0A44BBD-D9C3-47D9-BA30-6A843EEFFED1} = {8E38625B-6E34-4866-A6DA-B96AD66627E9}
		{4F8D8AA1-E663-4851-A378-CF38780FD64A} = {F43727AF-A4AF-4DFF-8CF6-407129475A0A}
		{C20FCA68-E465-44F9-9E5A-66869C5D9505} = {15E38D17-ECED-49D4-A161-38EC79E795E9}
		{33BA9622-C64D-4FC7-92D0-543FE5D5BE22} = {C20FCA68-E465-44F9-9E5A-66869C5D9505}
	EndGlobalSection
	GlobalSection(ExtensibilityGlobals) = postSolution
		SolutionGuid = {BBDF07A1-E7AE-491A-932D-571087F47FFE}
	EndGlobalSection
EndGlobal
